
Microsoft Visual Studio Solution File, Format Version 12.00
# Visual Studio 15
Project("{FAE04EC0-301F-11D3-BF4B-00C04F79EFBC}") = "Sorting.Tests", "Sorting.Tests\Sorting.Tests.csproj", "{EE97062F-3C35-4A8F-8B23-58C0905CC42A}"
EndProject
Project("{FAE04EC0-301F-11D3-BF4B-00C04F79EFBC}") = "Sorting.Core", "Sorting.Core\Sorting.Core.csproj", "{FBC13D35-2027-4D82-9473-8757CF1CE7F7}"
EndProject
Global
	GlobalSection(SolutionConfigurationPlatforms) = preSolution
		Debug|Any CPU = Debug|Any CPU
		Release|Any CPU = Release|Any CPU
	EndGlobalSection
	GlobalSection(ProjectConfigurationPlatforms) = postSolution
		{EE97062F-3C35-4A8F-8B23-58C0905CC42A}.Debug|Any CPU.ActiveCfg = Debug|Any CPU
		{EE97062F-3C35-4A8F-8B23-58C0905CC42A}.Debug|Any CPU.Build.0 = Debug|Any CPU
		{EE97062F-3C35-4A8F-8B23-58C0905CC42A}.Release|Any CPU.ActiveCfg = Release|Any CPU
		{EE97062F-3C35-4A8F-8B23-58C0905CC42A}.Release|Any CPU.Build.0 = Release|Any CPU
		{FBC13D35-2027-4D82-9473-8757CF1CE7F7}.Debug|Any CPU.ActiveCfg = Debug|Any CPU
		{FBC13D35-2027-4D82-9473-8757CF1CE7F7}.Debug|Any CPU.Build.0 = Debug|Any CPU
		{FBC13D35-2027-4D82-9473-8757CF1CE7F7}.Release|Any CPU.ActiveCfg = Release|Any CPU
		{FBC13D35-2027-4D82-9473-8757CF1CE7F7}.Release|Any CPU.Build.0 = Release|Any CPU
	EndGlobalSection
EndGlobal
